<Solution>
  <Configurations>
    <Platform Name="x64" />
    <Platform Name="x86" />
  </Configurations>
  <Project Path="CircuitSimulator/CircuitSimulator.vcxproj" Id="70626aa1-2f2f-4136-8826-f15a13df6455" />
  <Project Path="CircuitSimulatorApp/CircuitSimulatorApp.vcxproj" Id="db8f73e2-600a-451c-ad72-f761e5a0b8ca" />
  <Project Path="CircuitSimulatorTests/CircuitSimulatorTests.vcxproj" Id="91827f24-fcdc-4422-aa49-04649ebd15f2" />
</Solution>
